
Microsoft Visual Studio Solution File, Format Version 12.00
# Visual Studio 15
VisualStudioVersion = 15.0.27703.2035
MinimumVisualStudioVersion = 10.0.40219.1
Project("{FAE04EC0-301F-11D3-BF4B-00C04F79EFBC}") = "Consulta_Equipos", "Consulta_Equipos\Consulta_Equipos.csproj", "{927010F7-9CD3-4212-9E09-1308272D895B}"
EndProject
Global
	GlobalSection(SolutionConfigurationPlatforms) = preSolution
		Debug|Any CPU = Debug|Any CPU
		Release|Any CPU = Release|Any CPU
	EndGlobalSection
	GlobalSection(ProjectConfigurationPlatforms) = postSolution
		{927010F7-9CD3-4212-9E09-1308272D895B}.Debug|Any CPU.ActiveCfg = Debug|Any CPU
		{927010F7-9CD3-4212-9E09-1308272D895B}.Debug|Any CPU.Build.0 = Debug|Any CPU
		{927010F7-9CD3-4212-9E09-1308272D895B}.Release|Any CPU.ActiveCfg = Release|Any CPU
		{927010F7-9CD3-4212-9E09-1308272D895B}.Release|Any CPU.Build.0 = Release|Any CPU
	EndGlobalSection
	GlobalSection(SolutionProperties) = preSolution
		HideSolutionNode = FALSE
	EndGlobalSection
	GlobalSection(ExtensibilityGlobals) = postSolution
		SolutionGuid = {5AB3FD22-A227-49EC-8F89-3ACFADFF5DDB}
	EndGlobalSection
EndGlobal
